
Microsoft Visual Studio Solution File, Format Version 12.00
Project("{FAE04EC0-301F-11D3-BF4B-00C04F79EFBC}") = "Coalim.Database.Schema", "Coalim.Database.Schema\Coalim.Database.Schema.csproj", "{A0C6DA07-B089-46A3-BEEB-B8C2921DA11E}"
EndProject
Project("{FAE04EC0-301F-11D3-BF4B-00C04F79EFBC}") = "Coalim.Database.Accessor", "Coalim.Database.Accessor\Coalim.Database.Accessor.csproj", "{D0C8685B-6B1F-46D6-9B49-6B12A4D8F4A9}"
EndProject
Project("{FAE04EC0-301F-11D3-BF4B-00C04F79EFBC}") = "Coalim.Database.Tests", "Coalim.Database.Tests\Coalim.Database.Tests.csproj", "{40795D92-904C-4CB9-8F42-921DB1FF2EAC}"
EndProject
Project("{FAE04EC0-301F-11D3-BF4B-00C04F79EFBC}") = "Coalim.ApiServer", "Coalim.ApiServer\Coalim.ApiServer.csproj", "{4F9C5B36-3395-4EE8-A5F0-96E906B5BC85}"
EndProject
Project("{2150E333-8FDC-42A3-9474-1A3956D46DE8}") = "Database", "Database", "{7B3E4794-6BBB-4D6C-8255-0171FE89C5FA}"
EndProject
Project("{2150E333-8FDC-42A3-9474-1A3956D46DE8}") = "Servers", "Servers", "{4C8A9B93-8CA1-4C92-84D3-1A028BE5E778}"
EndProject
Project("{FAE04EC0-301F-11D3-BF4B-00C04F79EFBC}") = "Coalim.Database.BunkumSupport", "Coalim.Database.BunkumSupport\Coalim.Database.BunkumSupport.csproj", "{908152CE-5D03-4205-A6EF-EE97E46CF62B}"
EndProject
Global
	GlobalSection(SolutionConfigurationPlatforms) = preSolution
		Debug|Any CPU = Debug|Any CPU
		Release|Any CPU = Release|Any CPU
	EndGlobalSection
	GlobalSection(ProjectConfigurationPlatforms) = postSolution
		{A0C6DA07-B089-46A3-BEEB-B8C2921DA11E}.Debug|Any CPU.ActiveCfg = Debug|Any CPU
		{A0C6DA07-B089-46A3-BEEB-B8C2921DA11E}.Debug|Any CPU.Build.0 = Debug|Any CPU
		{A0C6DA07-B089-46A3-BEEB-B8C2921DA11E}.Release|Any CPU.ActiveCfg = Release|Any CPU
		{A0C6DA07-B089-46A3-BEEB-B8C2921DA11E}.Release|Any CPU.Build.0 = Release|Any CPU
		{D0C8685B-6B1F-46D6-9B49-6B12A4D8F4A9}.Debug|Any CPU.ActiveCfg = Debug|Any CPU
		{D0C8685B-6B1F-46D6-9B49-6B12A4D8F4A9}.Debug|Any CPU.Build.0 = Debug|Any CPU
		{D0C8685B-6B1F-46D6-9B49-6B12A4D8F4A9}.Release|Any CPU.ActiveCfg = Release|Any CPU
		{D0C8685B-6B1F-46D6-9B49-6B12A4D8F4A9}.Release|Any CPU.Build.0 = Release|Any CPU
		{40795D92-904C-4CB9-8F42-921DB1FF2EAC}.Debug|Any CPU.ActiveCfg = Debug|Any CPU
		{40795D92-904C-4CB9-8F42-921DB1FF2EAC}.Debug|Any CPU.Build.0 = Debug|Any CPU
		{40795D92-904C-4CB9-8F42-921DB1FF2EAC}.Release|Any CPU.ActiveCfg = Release|Any CPU
		{40795D92-904C-4CB9-8F42-921DB1FF2EAC}.Release|Any CPU.Build.0 = Release|Any CPU
		{4F9C5B36-3395-4EE8-A5F0-96E906B5BC85}.Debug|Any CPU.ActiveCfg = Debug|Any CPU
		{4F9C5B36-3395-4EE8-A5F0-96E906B5BC85}.Debug|Any CPU.Build.0 = Debug|Any CPU
		{4F9C5B36-3395-4EE8-A5F0-96E906B5BC85}.Release|Any CPU.ActiveCfg = Release|Any CPU
		{4F9C5B36-3395-4EE8-A5F0-96E906B5BC85}.Release|Any CPU.Build.0 = Release|Any CPU
		{908152CE-5D03-4205-A6EF-EE97E46CF62B}.Debug|Any CPU.ActiveCfg = Debug|Any CPU
		{908152CE-5D03-4205-A6EF-EE97E46CF62B}.Debug|Any CPU.Build.0 = Debug|Any CPU
		{908152CE-5D03-4205-A6EF-EE97E46CF62B}.Release|Any CPU.ActiveCfg = Release|Any CPU
		{908152CE-5D03-4205-A6EF-EE97E46CF62B}.Release|Any CPU.Build.0 = Release|Any CPU
	EndGlobalSection
	GlobalSection(NestedProjects) = preSolution
		{D0C8685B-6B1F-46D6-9B49-6B12A4D8F4A9} = {7B3E4794-6BBB-4D6C-8255-0171FE89C5FA}
		{A0C6DA07-B089-46A3-BEEB-B8C2921DA11E} = {7B3E4794-6BBB-4D6C-8255-0171FE89C5FA}
		{40795D92-904C-4CB9-8F42-921DB1FF2EAC} = {7B3E4794-6BBB-4D6C-8255-0171FE89C5FA}
		{4F9C5B36-3395-4EE8-A5F0-96E906B5BC85} = {4C8A9B93-8CA1-4C92-84D3-1A028BE5E778}
		{908152CE-5D03-4205-A6EF-EE97E46CF62B} = {7B3E4794-6BBB-4D6C-8255-0171FE89C5FA}
	EndGlobalSection
EndGlobal
