
Microsoft Visual Studio Solution File, Format Version 12.00
Project("{FAE04EC0-301F-11D3-BF4B-00C04F79EFBC}") = "Coalim.Database.Schema", "Coalim.Database.Schema\Coalim.Database.Schema.csproj", "{A0C6DA07-B089-46A3-BEEB-B8C2921DA11E}"
EndProject
Project("{FAE04EC0-301F-11D3-BF4B-00C04F79EFBC}") = "Coalim.Database.Accessor", "Coalim.Database.Accessor\Coalim.Database.Accessor.csproj", "{D0C8685B-6B1F-46D6-9B49-6B12A4D8F4A9}"
EndProject
Project("{FAE04EC0-301F-11D3-BF4B-00C04F79EFBC}") = "Coalim.Database.Tests", "Coalim.Database.Tests\Coalim.Database.Tests.csproj", "{40795D92-904C-4CB9-8F42-921DB1FF2EAC}"
EndProject
Project("{FAE04EC0-301F-11D3-BF4B-00C04F79EFBC}") = "Coalim.Api.Server", "Coalim.Api.Server\Coalim.Api.Server.csproj", "{4F9C5B36-3395-4EE8-A5F0-96E906B5BC85}"
EndProject
Project("{2150E333-8FDC-42A3-9474-1A3956D46DE8}") = "Database", "Database", "{7B3E4794-6BBB-4D6C-8255-0171FE89C5FA}"
EndProject
Project("{2150E333-8FDC-42A3-9474-1A3956D46DE8}") = "Servers", "Servers", "{4C8A9B93-8CA1-4C92-84D3-1A028BE5E778}"
EndProject
Project("{FAE04EC0-301F-11D3-BF4B-00C04F79EFBC}") = "Coalim.Database.BunkumSupport", "Coalim.Database.BunkumSupport\Coalim.Database.BunkumSupport.csproj", "{908152CE-5D03-4205-A6EF-EE97E46CF62B}"
EndProject
Project("{FAE04EC0-301F-11D3-BF4B-00C04F79EFBC}") = "Coalim.Api.Server.Tests", "Coalim.Api.Server.Tests\Coalim.Api.Server.Tests.csproj", "{87A623BB-36DF-4F25-A83E-BDD21FF85132}"
EndProject
Project("{FAE04EC0-301F-11D3-BF4B-00C04F79EFBC}") = "Coalim.Database.Schema.Tests", "Coalim.Database.Schema.Tests\Coalim.Database.Schema.Tests.csproj", "{2CE80B2C-3B9F-45C6-B4C7-753FADCEEA51}"
EndProject
Project("{FAE04EC0-301F-11D3-BF4B-00C04F79EFBC}") = "Coalim.Api.Serialization", "Coalim.Api.Serialization\Coalim.Api.Serialization.csproj", "{2B8867B7-2D41-4A0F-8A1F-AA33FF9331E8}"
EndProject
Project("{FAE04EC0-301F-11D3-BF4B-00C04F79EFBC}") = "Coalim.Realtime.Server", "Coalim.Realtime.Server\Coalim.Realtime.Server.csproj", "{8651356A-F5A1-4E51-9678-FB108BF95F6C}"
EndProject
Project("{2150E333-8FDC-42A3-9474-1A3956D46DE8}") = "Clients", "Clients", "{386EF3E7-17EE-4599-A2C1-09F9B07B0A1E}"
EndProject
Project("{FAE04EC0-301F-11D3-BF4B-00C04F79EFBC}") = "CoalimConsoleClient", "CoalimConsoleClient\CoalimConsoleClient.csproj", "{08480F88-7273-43A8-9366-D65B2D267F18}"
EndProject
Global
	GlobalSection(SolutionConfigurationPlatforms) = preSolution
		Debug|Any CPU = Debug|Any CPU
		Release|Any CPU = Release|Any CPU
	EndGlobalSection
	GlobalSection(ProjectConfigurationPlatforms) = postSolution
		{A0C6DA07-B089-46A3-BEEB-B8C2921DA11E}.Debug|Any CPU.ActiveCfg = Debug|Any CPU
		{A0C6DA07-B089-46A3-BEEB-B8C2921DA11E}.Debug|Any CPU.Build.0 = Debug|Any CPU
		{A0C6DA07-B089-46A3-BEEB-B8C2921DA11E}.Release|Any CPU.ActiveCfg = Release|Any CPU
		{A0C6DA07-B089-46A3-BEEB-B8C2921DA11E}.Release|Any CPU.Build.0 = Release|Any CPU
		{D0C8685B-6B1F-46D6-9B49-6B12A4D8F4A9}.Debug|Any CPU.ActiveCfg = Debug|Any CPU
		{D0C8685B-6B1F-46D6-9B49-6B12A4D8F4A9}.Debug|Any CPU.Build.0 = Debug|Any CPU
		{D0C8685B-6B1F-46D6-9B49-6B12A4D8F4A9}.Release|Any CPU.ActiveCfg = Release|Any CPU
		{D0C8685B-6B1F-46D6-9B49-6B12A4D8F4A9}.Release|Any CPU.Build.0 = Release|Any CPU
		{40795D92-904C-4CB9-8F42-921DB1FF2EAC}.Debug|Any CPU.ActiveCfg = Debug|Any CPU
		{40795D92-904C-4CB9-8F42-921DB1FF2EAC}.Debug|Any CPU.Build.0 = Debug|Any CPU
		{40795D92-904C-4CB9-8F42-921DB1FF2EAC}.Release|Any CPU.ActiveCfg = Release|Any CPU
		{40795D92-904C-4CB9-8F42-921DB1FF2EAC}.Release|Any CPU.Build.0 = Release|Any CPU
		{4F9C5B36-3395-4EE8-A5F0-96E906B5BC85}.Debug|Any CPU.ActiveCfg = Debug|Any CPU
		{4F9C5B36-3395-4EE8-A5F0-96E906B5BC85}.Debug|Any CPU.Build.0 = Debug|Any CPU
		{4F9C5B36-3395-4EE8-A5F0-96E906B5BC85}.Release|Any CPU.ActiveCfg = Release|Any CPU
		{4F9C5B36-3395-4EE8-A5F0-96E906B5BC85}.Release|Any CPU.Build.0 = Release|Any CPU
		{908152CE-5D03-4205-A6EF-EE97E46CF62B}.Debug|Any CPU.ActiveCfg = Debug|Any CPU
		{908152CE-5D03-4205-A6EF-EE97E46CF62B}.Debug|Any CPU.Build.0 = Debug|Any CPU
		{908152CE-5D03-4205-A6EF-EE97E46CF62B}.Release|Any CPU.ActiveCfg = Release|Any CPU
		{908152CE-5D03-4205-A6EF-EE97E46CF62B}.Release|Any CPU.Build.0 = Release|Any CPU
		{87A623BB-36DF-4F25-A83E-BDD21FF85132}.Debug|Any CPU.ActiveCfg = Debug|Any CPU
		{87A623BB-36DF-4F25-A83E-BDD21FF85132}.Debug|Any CPU.Build.0 = Debug|Any CPU
		{87A623BB-36DF-4F25-A83E-BDD21FF85132}.Release|Any CPU.ActiveCfg = Release|Any CPU
		{87A623BB-36DF-4F25-A83E-BDD21FF85132}.Release|Any CPU.Build.0 = Release|Any CPU
		{2CE80B2C-3B9F-45C6-B4C7-753FADCEEA51}.Debug|Any CPU.ActiveCfg = Debug|Any CPU
		{2CE80B2C-3B9F-45C6-B4C7-753FADCEEA51}.Debug|Any CPU.Build.0 = Debug|Any CPU
		{2CE80B2C-3B9F-45C6-B4C7-753FADCEEA51}.Release|Any CPU.ActiveCfg = Release|Any CPU
		{2CE80B2C-3B9F-45C6-B4C7-753FADCEEA51}.Release|Any CPU.Build.0 = Release|Any CPU
		{2B8867B7-2D41-4A0F-8A1F-AA33FF9331E8}.Debug|Any CPU.ActiveCfg = Debug|Any CPU
		{2B8867B7-2D41-4A0F-8A1F-AA33FF9331E8}.Debug|Any CPU.Build.0 = Debug|Any CPU
		{2B8867B7-2D41-4A0F-8A1F-AA33FF9331E8}.Release|Any CPU.ActiveCfg = Release|Any CPU
		{2B8867B7-2D41-4A0F-8A1F-AA33FF9331E8}.Release|Any CPU.Build.0 = Release|Any CPU
		{8651356A-F5A1-4E51-9678-FB108BF95F6C}.Debug|Any CPU.ActiveCfg = Debug|Any CPU
		{8651356A-F5A1-4E51-9678-FB108BF95F6C}.Debug|Any CPU.Build.0 = Debug|Any CPU
		{8651356A-F5A1-4E51-9678-FB108BF95F6C}.Release|Any CPU.ActiveCfg = Release|Any CPU
		{8651356A-F5A1-4E51-9678-FB108BF95F6C}.Release|Any CPU.Build.0 = Release|Any CPU
		{08480F88-7273-43A8-9366-D65B2D267F18}.Debug|Any CPU.ActiveCfg = Debug|Any CPU
		{08480F88-7273-43A8-9366-D65B2D267F18}.Debug|Any CPU.Build.0 = Debug|Any CPU
		{08480F88-7273-43A8-9366-D65B2D267F18}.Release|Any CPU.ActiveCfg = Release|Any CPU
		{08480F88-7273-43A8-9366-D65B2D267F18}.Release|Any CPU.Build.0 = Release|Any CPU
	EndGlobalSection
	GlobalSection(NestedProjects) = preSolution
		{D0C8685B-6B1F-46D6-9B49-6B12A4D8F4A9} = {7B3E4794-6BBB-4D6C-8255-0171FE89C5FA}
		{A0C6DA07-B089-46A3-BEEB-B8C2921DA11E} = {7B3E4794-6BBB-4D6C-8255-0171FE89C5FA}
		{40795D92-904C-4CB9-8F42-921DB1FF2EAC} = {7B3E4794-6BBB-4D6C-8255-0171FE89C5FA}
		{4F9C5B36-3395-4EE8-A5F0-96E906B5BC85} = {4C8A9B93-8CA1-4C92-84D3-1A028BE5E778}
		{908152CE-5D03-4205-A6EF-EE97E46CF62B} = {7B3E4794-6BBB-4D6C-8255-0171FE89C5FA}
		{87A623BB-36DF-4F25-A83E-BDD21FF85132} = {4C8A9B93-8CA1-4C92-84D3-1A028BE5E778}
		{2CE80B2C-3B9F-45C6-B4C7-753FADCEEA51} = {7B3E4794-6BBB-4D6C-8255-0171FE89C5FA}
		{8651356A-F5A1-4E51-9678-FB108BF95F6C} = {4C8A9B93-8CA1-4C92-84D3-1A028BE5E778}
		{08480F88-7273-43A8-9366-D65B2D267F18} = {386EF3E7-17EE-4599-A2C1-09F9B07B0A1E}
	EndGlobalSection
EndGlobal
